
Microsoft Visual Studio Solution File, Format Version 12.00
# Visual Studio Version 16
VisualStudioVersion = 16.0.31129.286
MinimumVisualStudioVersion = 10.0.40219.1
Project("{FAE04EC0-301F-11D3-BF4B-00C04F79EFBC}") = "FindMyID", "FindMyID\FindMyID.csproj", "{50B23C20-F032-4452-8DD4-474C68BFDA63}"
EndProject
Global
	GlobalSection(SolutionConfigurationPlatforms) = preSolution
		Debug|Any CPU = Debug|Any CPU
		Release|Any CPU = Release|Any CPU
	EndGlobalSection
	GlobalSection(ProjectConfigurationPlatforms) = postSolution
		{50B23C20-F032-4452-8DD4-474C68BFDA63}.Debug|Any CPU.ActiveCfg = Debug|Any CPU
		{50B23C20-F032-4452-8DD4-474C68BFDA63}.Debug|Any CPU.Build.0 = Debug|Any CPU
		{50B23C20-F032-4452-8DD4-474C68BFDA63}.Release|Any CPU.ActiveCfg = Release|Any CPU
		{50B23C20-F032-4452-8DD4-474C68BFDA63}.Release|Any CPU.Build.0 = Release|Any CPU
	EndGlobalSection
	GlobalSection(SolutionProperties) = preSolution
		HideSolutionNode = FALSE
	EndGlobalSection
	GlobalSection(ExtensibilityGlobals) = postSolution
		SolutionGuid = {6CD576D1-4304-4A39-A293-1AB476FCF24C}
	EndGlobalSection
EndGlobal
