
Microsoft Visual Studio Solution File, Format Version 12.00
# Visual Studio Version 16
VisualStudioVersion = 16.0.31129.286
MinimumVisualStudioVersion = 10.0.40219.1
Project("{9A19103F-16F7-4668-BE54-9A1E7A4F7556}") = "FindMyID", "FindMyID\FindMyID.csproj", "{50B23C20-F032-4452-8DD4-474C68BFDA63}"
EndProject
Project("{9A19103F-16F7-4668-BE54-9A1E7A4F7556}") = "FindMyIDML.Model", "FindMyIDML.Model\FindMyIDML.Model.csproj", "{54CB54AA-29F2-4507-8FEF-28E4AA0AFC83}"
EndProject
Project("{9A19103F-16F7-4668-BE54-9A1E7A4F7556}") = "FindMyIDML.ConsoleApp", "FindMyIDML.ConsoleApp\FindMyIDML.ConsoleApp.csproj", "{CC6EDF39-DEF4-4C1D-BD52-FBE970F074FE}"
EndProject
Project("{FAE04EC0-301F-11D3-BF4B-00C04F79EFBC}") = "FindMyIDML.Core", "FindMyIDML.Core\FindMyIDML.Core.csproj", "{6D059202-CBF3-4A47-B731-A2387A7D23E0}"
EndProject
Global
	GlobalSection(SolutionConfigurationPlatforms) = preSolution
		Debug|Any CPU = Debug|Any CPU
		Release|Any CPU = Release|Any CPU
	EndGlobalSection
	GlobalSection(ProjectConfigurationPlatforms) = postSolution
		{50B23C20-F032-4452-8DD4-474C68BFDA63}.Debug|Any CPU.ActiveCfg = Debug|Any CPU
		{50B23C20-F032-4452-8DD4-474C68BFDA63}.Debug|Any CPU.Build.0 = Debug|Any CPU
		{50B23C20-F032-4452-8DD4-474C68BFDA63}.Release|Any CPU.ActiveCfg = Release|Any CPU
		{50B23C20-F032-4452-8DD4-474C68BFDA63}.Release|Any CPU.Build.0 = Release|Any CPU
		{54CB54AA-29F2-4507-8FEF-28E4AA0AFC83}.Debug|Any CPU.ActiveCfg = Debug|Any CPU
		{54CB54AA-29F2-4507-8FEF-28E4AA0AFC83}.Debug|Any CPU.Build.0 = Debug|Any CPU
		{54CB54AA-29F2-4507-8FEF-28E4AA0AFC83}.Release|Any CPU.ActiveCfg = Release|Any CPU
		{54CB54AA-29F2-4507-8FEF-28E4AA0AFC83}.Release|Any CPU.Build.0 = Release|Any CPU
		{CC6EDF39-DEF4-4C1D-BD52-FBE970F074FE}.Debug|Any CPU.ActiveCfg = Debug|Any CPU
		{CC6EDF39-DEF4-4C1D-BD52-FBE970F074FE}.Debug|Any CPU.Build.0 = Debug|Any CPU
		{CC6EDF39-DEF4-4C1D-BD52-FBE970F074FE}.Release|Any CPU.ActiveCfg = Release|Any CPU
		{CC6EDF39-DEF4-4C1D-BD52-FBE970F074FE}.Release|Any CPU.Build.0 = Release|Any CPU
		{6D059202-CBF3-4A47-B731-A2387A7D23E0}.Debug|Any CPU.ActiveCfg = Debug|Any CPU
		{6D059202-CBF3-4A47-B731-A2387A7D23E0}.Debug|Any CPU.Build.0 = Debug|Any CPU
		{6D059202-CBF3-4A47-B731-A2387A7D23E0}.Release|Any CPU.ActiveCfg = Release|Any CPU
		{6D059202-CBF3-4A47-B731-A2387A7D23E0}.Release|Any CPU.Build.0 = Release|Any CPU
	EndGlobalSection
	GlobalSection(SolutionProperties) = preSolution
		HideSolutionNode = FALSE
	EndGlobalSection
	GlobalSection(ExtensibilityGlobals) = postSolution
		SolutionGuid = {6CD576D1-4304-4A39-A293-1AB476FCF24C}
	EndGlobalSection
EndGlobal
